// !$*UTF8*$!
{
	archiveVersion = 1;
	classes = {
	};
	objectVersion = 46;
	objects = {

/* Begin PBXBuildFile section */
		6A58EE0119BA517200305645 /* MapKit.framework in Frameworks */ = {isa = PBXBuildFile; fileRef = 6A58EE0019BA517200305645 /* MapKit.framework */; };
		6A58EE0719BA6F6800305645 /* FirstViewController.m in Sources */ = {isa = PBXBuildFile; fileRef = 6A58EE0619BA6F6800305645 /* FirstViewController.m */; };
		6AC468E819F62C42003B49B7 /* DataHandler.m in Sources */ = {isa = PBXBuildFile; fileRef = 6AC468E719F62C42003B49B7 /* DataHandler.m */; };
		6AC7D8FF19F8EE45006BC959 /* GoogleResponseClass.m in Sources */ = {isa = PBXBuildFile; fileRef = 6AC7D8FE19F8EE45006BC959 /* GoogleResponseClass.m */; };
		6AC7D90219F9063C006BC959 /* Turns.m in Sources */ = {isa = PBXBuildFile; fileRef = 6AC7D90119F9063C006BC959 /* Turns.m */; };
		6AE7264719B6981A001BFF52 /* Foundation.framework in Frameworks */ = {isa = PBXBuildFile; fileRef = 6AE7264619B6981A001BFF52 /* Foundation.framework */; };
		6AE7264919B6981A001BFF52 /* CoreGraphics.framework in Frameworks */ = {isa = PBXBuildFile; fileRef = 6AE7264819B6981A001BFF52 /* CoreGraphics.framework */; };
		6AE7264B19B6981A001BFF52 /* UIKit.framework in Frameworks */ = {isa = PBXBuildFile; fileRef = 6AE7264A19B6981A001BFF52 /* UIKit.framework */; };
		6AE7265119B6981A001BFF52 /* InfoPlist.strings in Resources */ = {isa = PBXBuildFile; fileRef = 6AE7264F19B6981A001BFF52 /* InfoPlist.strings */; };
		6AE7265319B6981A001BFF52 /* main.m in Sources */ = {isa = PBXBuildFile; fileRef = 6AE7265219B6981A001BFF52 /* main.m */; };
		6AE7265719B6981B001BFF52 /* AppDelegate.m in Sources */ = {isa = PBXBuildFile; fileRef = 6AE7265619B6981B001BFF52 /* AppDelegate.m */; };
		6AE7265F19B6981B001BFF52 /* Images.xcassets in Resources */ = {isa = PBXBuildFile; fileRef = 6AE7265E19B6981B001BFF52 /* Images.xcassets */; };
		6AE7266619B6981B001BFF52 /* XCTest.framework in Frameworks */ = {isa = PBXBuildFile; fileRef = 6AE7266519B6981B001BFF52 /* XCTest.framework */; };
		6AE7266719B6981B001BFF52 /* Foundation.framework in Frameworks */ = {isa = PBXBuildFile; fileRef = 6AE7264619B6981A001BFF52 /* Foundation.framework */; };
		6AE7266819B6981B001BFF52 /* UIKit.framework in Frameworks */ = {isa = PBXBuildFile; fileRef = 6AE7264A19B6981A001BFF52 /* UIKit.framework */; };
		6AE7267019B6981B001BFF52 /* InfoPlist.strings in Resources */ = {isa = PBXBuildFile; fileRef = 6AE7266E19B6981B001BFF52 /* InfoPlist.strings */; };
		6AE7267219B6981B001BFF52 /* MapsTests.m in Sources */ = {isa = PBXBuildFile; fileRef = 6AE7267119B6981B001BFF52 /* MapsTests.m */; };
		6AE7267C19B699BE001BFF52 /* GoogleMaps.framework in Frameworks */ = {isa = PBXBuildFile; fileRef = 6AE7267B19B699BE001BFF52 /* GoogleMaps.framework */; };
		6AE7267E19B69A2C001BFF52 /* GoogleMaps.bundle in Resources */ = {isa = PBXBuildFile; fileRef = 6AE7267D19B69A2C001BFF52 /* GoogleMaps.bundle */; };
		6AE7268019B69A85001BFF52 /* AVFoundation.framework in Frameworks */ = {isa = PBXBuildFile; fileRef = 6AE7267F19B69A85001BFF52 /* AVFoundation.framework */; };
		6AE7268219B69A8A001BFF52 /* CoreData.framework in Frameworks */ = {isa = PBXBuildFile; fileRef = 6AE7268119B69A8A001BFF52 /* CoreData.framework */; };
		6AE7268419B69A90001BFF52 /* CoreLocation.framework in Frameworks */ = {isa = PBXBuildFile; fileRef = 6AE7268319B69A90001BFF52 /* CoreLocation.framework */; };
		6AE7268619B69A9B001BFF52 /* CoreText.framework in Frameworks */ = {isa = PBXBuildFile; fileRef = 6AE7268519B69A9B001BFF52 /* CoreText.framework */; };
		6AE7268819B69AA7001BFF52 /* GLKit.framework in Frameworks */ = {isa = PBXBuildFile; fileRef = 6AE7268719B69AA7001BFF52 /* GLKit.framework */; };
		6AE7268A19B69AB1001BFF52 /* ImageIO.framework in Frameworks */ = {isa = PBXBuildFile; fileRef = 6AE7268919B69AB1001BFF52 /* ImageIO.framework */; };
		6AE7268C19B69AC7001BFF52 /* libc++.dylib in Frameworks */ = {isa = PBXBuildFile; fileRef = 6AE7268B19B69AC7001BFF52 /* libc++.dylib */; };
		6AE7268E19B69AD7001BFF52 /* libicucore.dylib in Frameworks */ = {isa = PBXBuildFile; fileRef = 6AE7268D19B69AD7001BFF52 /* libicucore.dylib */; };
		6AE7269019B69AE6001BFF52 /* libz.dylib in Frameworks */ = {isa = PBXBuildFile; fileRef = 6AE7268F19B69AE6001BFF52 /* libz.dylib */; };
		6AE7269219B69AF2001BFF52 /* OpenGLES.framework in Frameworks */ = {isa = PBXBuildFile; fileRef = 6AE7269119B69AF2001BFF52 /* OpenGLES.framework */; };
		6AE7269419B69AFB001BFF52 /* QuartzCore.framework in Frameworks */ = {isa = PBXBuildFile; fileRef = 6AE7269319B69AFB001BFF52 /* QuartzCore.framework */; };
		6AE7269619B69B07001BFF52 /* SystemConfiguration.framework in Frameworks */ = {isa = PBXBuildFile; fileRef = 6AE7269519B69B07001BFF52 /* SystemConfiguration.framework */; };
		6AE7269C19B69C7B001BFF52 /* GMapViewController.m in Sources */ = {isa = PBXBuildFile; fileRef = 6AE7269B19B69C7B001BFF52 /* GMapViewController.m */; };
/* End PBXBuildFile section */

/* Begin PBXContainerItemProxy section */
		6AE7266919B6981B001BFF52 /* PBXContainerItemProxy */ = {
			isa = PBXContainerItemProxy;
			containerPortal = 6AE7263B19B6981A001BFF52 /* Project object */;
			proxyType = 1;
			remoteGlobalIDString = 6AE7264219B6981A001BFF52;
			remoteInfo = Maps;
		};
/* End PBXContainerItemProxy section */

/* Begin PBXFileReference section */
		6A58EE0019BA517200305645 /* MapKit.framework */ = {isa = PBXFileReference; lastKnownFileType = wrapper.framework; name = MapKit.framework; path = System/Library/Frameworks/MapKit.framework; sourceTree = SDKROOT; };
		6A58EE0519BA6F6800305645 /* FirstViewController.h */ = {isa = PBXFileReference; fileEncoding = 4; lastKnownFileType = sourcecode.c.h; path = FirstViewController.h; sourceTree = "<group>"; };
		6A58EE0619BA6F6800305645 /* FirstViewController.m */ = {isa = PBXFileReference; fileEncoding = 4; lastKnownFileType = sourcecode.c.objc; path = FirstViewController.m; sourceTree = "<group>"; };
		6AC468E619F62C42003B49B7 /* DataHandler.h */ = {isa = PBXFileReference; fileEncoding = 4; lastKnownFileType = sourcecode.c.h; path = DataHandler.h; sourceTree = "<group>"; };
		6AC468E719F62C42003B49B7 /* DataHandler.m */ = {isa = PBXFileReference; fileEncoding = 4; lastKnownFileType = sourcecode.c.objc; path = DataHandler.m; sourceTree = "<group>"; };
		6AC7D8FD19F8EE45006BC959 /* GoogleResponseClass.h */ = {isa = PBXFileReference; fileEncoding = 4; lastKnownFileType = sourcecode.c.h; path = GoogleResponseClass.h; sourceTree = "<group>"; };
		6AC7D8FE19F8EE45006BC959 /* GoogleResponseClass.m */ = {isa = PBXFileReference; fileEncoding = 4; lastKnownFileType = sourcecode.c.objc; path = GoogleResponseClass.m; sourceTree = "<group>"; };
		6AC7D90019F9063C006BC959 /* Turns.h */ = {isa = PBXFileReference; fileEncoding = 4; lastKnownFileType = sourcecode.c.h; path = Turns.h; sourceTree = "<group>"; };
		6AC7D90119F9063C006BC959 /* Turns.m */ = {isa = PBXFileReference; fileEncoding = 4; lastKnownFileType = sourcecode.c.objc; path = Turns.m; sourceTree = "<group>"; };
		6AE7264319B6981A001BFF52 /* Maps.app */ = {isa = PBXFileReference; explicitFileType = wrapper.application; includeInIndex = 0; path = Maps.app; sourceTree = BUILT_PRODUCTS_DIR; };
		6AE7264619B6981A001BFF52 /* Foundation.framework */ = {isa = PBXFileReference; lastKnownFileType = wrapper.framework; name = Foundation.framework; path = System/Library/Frameworks/Foundation.framework; sourceTree = SDKROOT; };
		6AE7264819B6981A001BFF52 /* CoreGraphics.framework */ = {isa = PBXFileReference; lastKnownFileType = wrapper.framework; name = CoreGraphics.framework; path = System/Library/Frameworks/CoreGraphics.framework; sourceTree = SDKROOT; };
		6AE7264A19B6981A001BFF52 /* UIKit.framework */ = {isa = PBXFileReference; lastKnownFileType = wrapper.framework; name = UIKit.framework; path = System/Library/Frameworks/UIKit.framework; sourceTree = SDKROOT; };
		6AE7264E19B6981A001BFF52 /* Maps-Info.plist */ = {isa = PBXFileReference; lastKnownFileType = text.plist.xml; path = "Maps-Info.plist"; sourceTree = "<group>"; };
		6AE7265019B6981A001BFF52 /* en */ = {isa = PBXFileReference; lastKnownFileType = text.plist.strings; name = en; path = en.lproj/InfoPlist.strings; sourceTree = "<group>"; };
		6AE7265219B6981A001BFF52 /* main.m */ = {isa = PBXFileReference; lastKnownFileType = sourcecode.c.objc; path = main.m; sourceTree = "<group>"; };
		6AE7265419B6981B001BFF52 /* Maps-Prefix.pch */ = {isa = PBXFileReference; lastKnownFileType = sourcecode.c.h; path = "Maps-Prefix.pch"; sourceTree = "<group>"; };
		6AE7265519B6981B001BFF52 /* AppDelegate.h */ = {isa = PBXFileReference; lastKnownFileType = sourcecode.c.h; path = AppDelegate.h; sourceTree = "<group>"; };
		6AE7265619B6981B001BFF52 /* AppDelegate.m */ = {isa = PBXFileReference; lastKnownFileType = sourcecode.c.objc; path = AppDelegate.m; sourceTree = "<group>"; };
		6AE7265E19B6981B001BFF52 /* Images.xcassets */ = {isa = PBXFileReference; lastKnownFileType = folder.assetcatalog; path = Images.xcassets; sourceTree = "<group>"; };
		6AE7266419B6981B001BFF52 /* MapsTests.xctest */ = {isa = PBXFileReference; explicitFileType = wrapper.cfbundle; includeInIndex = 0; path = MapsTests.xctest; sourceTree = BUILT_PRODUCTS_DIR; };
		6AE7266519B6981B001BFF52 /* XCTest.framework */ = {isa = PBXFileReference; lastKnownFileType = wrapper.framework; name = XCTest.framework; path = Library/Frameworks/XCTest.framework; sourceTree = DEVELOPER_DIR; };
		6AE7266D19B6981B001BFF52 /* MapsTests-Info.plist */ = {isa = PBXFileReference; lastKnownFileType = text.plist.xml; path = "MapsTests-Info.plist"; sourceTree = "<group>"; };
		6AE7266F19B6981B001BFF52 /* en */ = {isa = PBXFileReference; lastKnownFileType = text.plist.strings; name = en; path = en.lproj/InfoPlist.strings; sourceTree = "<group>"; };
		6AE7267119B6981B001BFF52 /* MapsTests.m */ = {isa = PBXFileReference; lastKnownFileType = sourcecode.c.objc; path = MapsTests.m; sourceTree = "<group>"; };
		6AE7267B19B699BE001BFF52 /* GoogleMaps.framework */ = {isa = PBXFileReference; lastKnownFileType = wrapper.framework; path = GoogleMaps.framework; sourceTree = "<group>"; };
		6AE7267D19B69A2C001BFF52 /* GoogleMaps.bundle */ = {isa = PBXFileReference; lastKnownFileType = "wrapper.plug-in"; name = GoogleMaps.bundle; path = GoogleMaps.framework/Versions/A/Resources/GoogleMaps.bundle; sourceTree = "<group>"; };
		6AE7267F19B69A85001BFF52 /* AVFoundation.framework */ = {isa = PBXFileReference; lastKnownFileType = wrapper.framework; name = AVFoundation.framework; path = System/Library/Frameworks/AVFoundation.framework; sourceTree = SDKROOT; };
		6AE7268119B69A8A001BFF52 /* CoreData.framework */ = {isa = PBXFileReference; lastKnownFileType = wrapper.framework; name = CoreData.framework; path = System/Library/Frameworks/CoreData.framework; sourceTree = SDKROOT; };
		6AE7268319B69A90001BFF52 /* CoreLocation.framework */ = {isa = PBXFileReference; lastKnownFileType = wrapper.framework; name = CoreLocation.framework; path = System/Library/Frameworks/CoreLocation.framework; sourceTree = SDKROOT; };
		6AE7268519B69A9B001BFF52 /* CoreText.framework */ = {isa = PBXFileReference; lastKnownFileType = wrapper.framework; name = CoreText.framework; path = System/Library/Frameworks/CoreText.framework; sourceTree = SDKROOT; };
		6AE7268719B69AA7001BFF52 /* GLKit.framework */ = {isa = PBXFileReference; lastKnownFileType = wrapper.framework; name = GLKit.framework; path = System/Library/Frameworks/GLKit.framework; sourceTree = SDKROOT; };
		6AE7268919B69AB1001BFF52 /* ImageIO.framework */ = {isa = PBXFileReference; lastKnownFileType = wrapper.framework; name = ImageIO.framework; path = System/Library/Frameworks/ImageIO.framework; sourceTree = SDKROOT; };
		6AE7268B19B69AC7001BFF52 /* libc++.dylib */ = {isa = PBXFileReference; lastKnownFileType = "compiled.mach-o.dylib"; name = "libc++.dylib"; path = "usr/lib/libc++.dylib"; sourceTree = SDKROOT; };
		6AE7268D19B69AD7001BFF52 /* libicucore.dylib */ = {isa = PBXFileReference; lastKnownFileType = "compiled.mach-o.dylib"; name = libicucore.dylib; path = usr/lib/libicucore.dylib; sourceTree = SDKROOT; };
		6AE7268F19B69AE6001BFF52 /* libz.dylib */ = {isa = PBXFileReference; lastKnownFileType = "compiled.mach-o.dylib"; name = libz.dylib; path = usr/lib/libz.dylib; sourceTree = SDKROOT; };
		6AE7269119B69AF2001BFF52 /* OpenGLES.framework */ = {isa = PBXFileReference; lastKnownFileType = wrapper.framework; name = OpenGLES.framework; path = System/Library/Frameworks/OpenGLES.framework; sourceTree = SDKROOT; };
		6AE7269319B69AFB001BFF52 /* QuartzCore.framework */ = {isa = PBXFileReference; lastKnownFileType = wrapper.framework; name = QuartzCore.framework; path = System/Library/Frameworks/QuartzCore.framework; sourceTree = SDKROOT; };
		6AE7269519B69B07001BFF52 /* SystemConfiguration.framework */ = {isa = PBXFileReference; lastKnownFileType = wrapper.framework; name = SystemConfiguration.framework; path = System/Library/Frameworks/SystemConfiguration.framework; sourceTree = SDKROOT; };
		6AE7269A19B69C7B001BFF52 /* GMapViewController.h */ = {isa = PBXFileReference; fileEncoding = 4; lastKnownFileType = sourcecode.c.h; path = GMapViewController.h; sourceTree = "<group>"; };
		6AE7269B19B69C7B001BFF52 /* GMapViewController.m */ = {isa = PBXFileReference; fileEncoding = 4; lastKnownFileType = sourcecode.c.objc; path = GMapViewController.m; sourceTree = "<group>"; };
/* End PBXFileReference section */

/* Begin PBXFrameworksBuildPhase section */
		6AE7264019B6981A001BFF52 /* Frameworks */ = {
			isa = PBXFrameworksBuildPhase;
			buildActionMask = 2147483647;
			files = (
				6A58EE0119BA517200305645 /* MapKit.framework in Frameworks */,
				6AE7269619B69B07001BFF52 /* SystemConfiguration.framework in Frameworks */,
				6AE7269419B69AFB001BFF52 /* QuartzCore.framework in Frameworks */,
				6AE7269219B69AF2001BFF52 /* OpenGLES.framework in Frameworks */,
				6AE7269019B69AE6001BFF52 /* libz.dylib in Frameworks */,
				6AE7268E19B69AD7001BFF52 /* libicucore.dylib in Frameworks */,
				6AE7268C19B69AC7001BFF52 /* libc++.dylib in Frameworks */,
				6AE7268A19B69AB1001BFF52 /* ImageIO.framework in Frameworks */,
				6AE7268819B69AA7001BFF52 /* GLKit.framework in Frameworks */,
				6AE7268619B69A9B001BFF52 /* CoreText.framework in Frameworks */,
				6AE7268419B69A90001BFF52 /* CoreLocation.framework in Frameworks */,
				6AE7268219B69A8A001BFF52 /* CoreData.framework in Frameworks */,
				6AE7268019B69A85001BFF52 /* AVFoundation.framework in Frameworks */,
				6AE7264919B6981A001BFF52 /* CoreGraphics.framework in Frameworks */,
				6AE7264B19B6981A001BFF52 /* UIKit.framework in Frameworks */,
				6AE7267C19B699BE001BFF52 /* GoogleMaps.framework in Frameworks */,
				6AE7264719B6981A001BFF52 /* Foundation.framework in Frameworks */,
			);
			runOnlyForDeploymentPostprocessing = 0;
		};
		6AE7266119B6981B001BFF52 /* Frameworks */ = {
			isa = PBXFrameworksBuildPhase;
			buildActionMask = 2147483647;
			files = (
				6AE7266619B6981B001BFF52 /* XCTest.framework in Frameworks */,
				6AE7266819B6981B001BFF52 /* UIKit.framework in Frameworks */,
				6AE7266719B6981B001BFF52 /* Foundation.framework in Frameworks */,
			);
			runOnlyForDeploymentPostprocessing = 0;
		};
/* End PBXFrameworksBuildPhase section */

/* Begin PBXGroup section */
		6AE7263A19B69819001BFF52 = {
			isa = PBXGroup;
			children = (
				6AE7264C19B6981A001BFF52 /* Maps */,
				6AE7266B19B6981B001BFF52 /* MapsTests */,
				6AE7264519B6981A001BFF52 /* Frameworks */,
				6AE7264419B6981A001BFF52 /* Products */,
			);
			sourceTree = "<group>";
		};
		6AE7264419B6981A001BFF52 /* Products */ = {
			isa = PBXGroup;
			children = (
				6AE7264319B6981A001BFF52 /* Maps.app */,
				6AE7266419B6981B001BFF52 /* MapsTests.xctest */,
			);
			name = Products;
			sourceTree = "<group>";
		};
		6AE7264519B6981A001BFF52 /* Frameworks */ = {
			isa = PBXGroup;
			children = (
				6A58EE0019BA517200305645 /* MapKit.framework */,
				6AE7269519B69B07001BFF52 /* SystemConfiguration.framework */,
				6AE7269319B69AFB001BFF52 /* QuartzCore.framework */,
				6AE7269119B69AF2001BFF52 /* OpenGLES.framework */,
				6AE7268F19B69AE6001BFF52 /* libz.dylib */,
				6AE7268D19B69AD7001BFF52 /* libicucore.dylib */,
				6AE7268B19B69AC7001BFF52 /* libc++.dylib */,
				6AE7268919B69AB1001BFF52 /* ImageIO.framework */,
				6AE7268719B69AA7001BFF52 /* GLKit.framework */,
				6AE7268519B69A9B001BFF52 /* CoreText.framework */,
				6AE7268319B69A90001BFF52 /* CoreLocation.framework */,
				6AE7268119B69A8A001BFF52 /* CoreData.framework */,
				6AE7267F19B69A85001BFF52 /* AVFoundation.framework */,
				6AE7267D19B69A2C001BFF52 /* GoogleMaps.bundle */,
				6AE7267B19B699BE001BFF52 /* GoogleMaps.framework */,
				6AE7264619B6981A001BFF52 /* Foundation.framework */,
				6AE7264819B6981A001BFF52 /* CoreGraphics.framework */,
				6AE7264A19B6981A001BFF52 /* UIKit.framework */,
				6AE7266519B6981B001BFF52 /* XCTest.framework */,
			);
			name = Frameworks;
			sourceTree = "<group>";
		};
		6AE7264C19B6981A001BFF52 /* Maps */ = {
			isa = PBXGroup;
			children = (
				6AE7265519B6981B001BFF52 /* AppDelegate.h */,
				6AE7265619B6981B001BFF52 /* AppDelegate.m */,
				6A58EE0519BA6F6800305645 /* FirstViewController.h */,
				6A58EE0619BA6F6800305645 /* FirstViewController.m */,
				6AC7D8FD19F8EE45006BC959 /* GoogleResponseClass.h */,
				6AC7D8FE19F8EE45006BC959 /* GoogleResponseClass.m */,
				6AE7269A19B69C7B001BFF52 /* GMapViewController.h */,
				6AE7269B19B69C7B001BFF52 /* GMapViewController.m */,
				6AC468E619F62C42003B49B7 /* DataHandler.h */,
				6AC468E719F62C42003B49B7 /* DataHandler.m */,
				6AC7D90019F9063C006BC959 /* Turns.h */,
				6AC7D90119F9063C006BC959 /* Turns.m */,
				6AE7265E19B6981B001BFF52 /* Images.xcassets */,
				6AE7264D19B6981A001BFF52 /* Supporting Files */,
			);
			path = Maps;
			sourceTree = "<group>";
		};
		6AE7264D19B6981A001BFF52 /* Supporting Files */ = {
			isa = PBXGroup;
			children = (
				6AE7264E19B6981A001BFF52 /* Maps-Info.plist */,
				6AE7264F19B6981A001BFF52 /* InfoPlist.strings */,
				6AE7265219B6981A001BFF52 /* main.m */,
				6AE7265419B6981B001BFF52 /* Maps-Prefix.pch */,
			);
			name = "Supporting Files";
			sourceTree = "<group>";
		};
		6AE7266B19B6981B001BFF52 /* MapsTests */ = {
			isa = PBXGroup;
			children = (
				6AE7267119B6981B001BFF52 /* MapsTests.m */,
				6AE7266C19B6981B001BFF52 /* Supporting Files */,
			);
			path = MapsTests;
			sourceTree = "<group>";
		};
		6AE7266C19B6981B001BFF52 /* Supporting Files */ = {
			isa = PBXGroup;
			children = (
				6AE7266D19B6981B001BFF52 /* MapsTests-Info.plist */,
				6AE7266E19B6981B001BFF52 /* InfoPlist.strings */,
			);
			name = "Supporting Files";
			sourceTree = "<group>";
		};
/* End PBXGroup section */

/* Begin PBXNativeTarget section */
		6AE7264219B6981A001BFF52 /* Maps */ = {
			isa = PBXNativeTarget;
			buildConfigurationList = 6AE7267519B6981B001BFF52 /* Build configuration list for PBXNativeTarget "Maps" */;
			buildPhases = (
				6AE7263F19B6981A001BFF52 /* Sources */,
				6AE7264019B6981A001BFF52 /* Frameworks */,
				6AE7264119B6981A001BFF52 /* Resources */,
			);
			buildRules = (
			);
			dependencies = (
			);
			name = Maps;
			productName = Maps;
			productReference = 6AE7264319B6981A001BFF52 /* Maps.app */;
			productType = "com.apple.product-type.application";
		};
		6AE7266319B6981B001BFF52 /* MapsTests */ = {
			isa = PBXNativeTarget;
			buildConfigurationList = 6AE7267819B6981B001BFF52 /* Build configuration list for PBXNativeTarget "MapsTests" */;
			buildPhases = (
				6AE7266019B6981B001BFF52 /* Sources */,
				6AE7266119B6981B001BFF52 /* Frameworks */,
				6AE7266219B6981B001BFF52 /* Resources */,
			);
			buildRules = (
			);
			dependencies = (
				6AE7266A19B6981B001BFF52 /* PBXTargetDependency */,
			);
			name = MapsTests;
			productName = MapsTests;
			productReference = 6AE7266419B6981B001BFF52 /* MapsTests.xctest */;
			productType = "com.apple.product-type.bundle.unit-test";
		};
/* End PBXNativeTarget section */

/* Begin PBXProject section */
		6AE7263B19B6981A001BFF52 /* Project object */ = {
			isa = PBXProject;
			attributes = {
				LastUpgradeCheck = 0510;
				ORGANIZATIONNAME = "vinay kukke";
				TargetAttributes = {
					6AE7266319B6981B001BFF52 = {
						TestTargetID = 6AE7264219B6981A001BFF52;
					};
				};
			};
			buildConfigurationList = 6AE7263E19B6981A001BFF52 /* Build configuration list for PBXProject "Maps" */;
			compatibilityVersion = "Xcode 3.2";
			developmentRegion = English;
			hasScannedForEncodings = 0;
			knownRegions = (
				en,
				Base,
			);
			mainGroup = 6AE7263A19B69819001BFF52;
			productRefGroup = 6AE7264419B6981A001BFF52 /* Products */;
			projectDirPath = "";
			projectRoot = "";
			targets = (
				6AE7264219B6981A001BFF52 /* Maps */,
				6AE7266319B6981B001BFF52 /* MapsTests */,
			);
		};
/* End PBXProject section */

/* Begin PBXResourcesBuildPhase section */
		6AE7264119B6981A001BFF52 /* Resources */ = {
			isa = PBXResourcesBuildPhase;
			buildActionMask = 2147483647;
			files = (
				6AE7267E19B69A2C001BFF52 /* GoogleMaps.bundle in Resources */,
				6AE7265F19B6981B001BFF52 /* Images.xcassets in Resources */,
				6AE7265119B6981A001BFF52 /* InfoPlist.strings in Resources */,
			);
			runOnlyForDeploymentPostprocessing = 0;
		};
		6AE7266219B6981B001BFF52 /* Resources */ = {
			isa = PBXResourcesBuildPhase;
			buildActionMask = 2147483647;
			files = (
				6AE7267019B6981B001BFF52 /* InfoPlist.strings in Resources */,
			);
			runOnlyForDeploymentPostprocessing = 0;
		};
/* End PBXResourcesBuildPhase section */

/* Begin PBXSourcesBuildPhase section */
		6AE7263F19B6981A001BFF52 /* Sources */ = {
			isa = PBXSourcesBuildPhase;
			buildActionMask = 2147483647;
			files = (
				6AC468E819F62C42003B49B7 /* DataHandler.m in Sources */,
				6AE7265719B6981B001BFF52 /* AppDelegate.m in Sources */,
				6AC7D8FF19F8EE45006BC959 /* GoogleResponseClass.m in Sources */,
				6AC7D90219F9063C006BC959 /* Turns.m in Sources */,
				6AE7265319B6981A001BFF52 /* main.m in Sources */,
				6AE7269C19B69C7B001BFF52 /* GMapViewController.m in Sources */,
				6A58EE0719BA6F6800305645 /* FirstViewController.m in Sources */,
			);
			runOnlyForDeploymentPostprocessing = 0;
		};
		6AE7266019B6981B001BFF52 /* Sources */ = {
			isa = PBXSourcesBuildPhase;
			buildActionMask = 2147483647;
			files = (
				6AE7267219B6981B001BFF52 /* MapsTests.m in Sources */,
			);
			runOnlyForDeploymentPostprocessing = 0;
		};
/* End PBXSourcesBuildPhase section */

/* Begin PBXTargetDependency section */
		6AE7266A19B6981B001BFF52 /* PBXTargetDependency */ = {
			isa = PBXTargetDependency;
			target = 6AE7264219B6981A001BFF52 /* Maps */;
			targetProxy = 6AE7266919B6981B001BFF52 /* PBXContainerItemProxy */;
		};
/* End PBXTargetDependency section */

/* Begin PBXVariantGroup section */
		6AE7264F19B6981A001BFF52 /* InfoPlist.strings */ = {
			isa = PBXVariantGroup;
			children = (
				6AE7265019B6981A001BFF52 /* en */,
			);
			name = InfoPlist.strings;
			sourceTree = "<group>";
		};
		6AE7266E19B6981B001BFF52 /* InfoPlist.strings */ = {
			isa = PBXVariantGroup;
			children = (
				6AE7266F19B6981B001BFF52 /* en */,
			);
			name = InfoPlist.strings;
			sourceTree = "<group>";
		};
/* End PBXVariantGroup section */

/* Begin XCBuildConfiguration section */
		6AE7267319B6981B001BFF52 /* Debug */ = {
			isa = XCBuildConfiguration;
			buildSettings = {
				ALWAYS_SEARCH_USER_PATHS = NO;
				CLANG_CXX_LANGUAGE_STANDARD = "gnu++0x";
				CLANG_CXX_LIBRARY = "libc++";
				CLANG_ENABLE_MODULES = YES;
				CLANG_ENABLE_OBJC_ARC = YES;
				CLANG_WARN_BOOL_CONVERSION = YES;
				CLANG_WARN_CONSTANT_CONVERSION = YES;
				CLANG_WARN_DIRECT_OBJC_ISA_USAGE = YES_ERROR;
				CLANG_WARN_EMPTY_BODY = YES;
				CLANG_WARN_ENUM_CONVERSION = YES;
				CLANG_WARN_INT_CONVERSION = YES;
				CLANG_WARN_OBJC_ROOT_CLASS = YES_ERROR;
				CLANG_WARN__DUPLICATE_METHOD_MATCH = YES;
				"CODE_SIGN_IDENTITY[sdk=iphoneos*]" = "iPhone Developer";
				COPY_PHASE_STRIP = NO;
				GCC_C_LANGUAGE_STANDARD = gnu99;
				GCC_DYNAMIC_NO_PIC = NO;
				GCC_OPTIMIZATION_LEVEL = 0;
				GCC_PREPROCESSOR_DEFINITIONS = (
					"DEBUG=1",
					"$(inherited)",
				);
				GCC_SYMBOLS_PRIVATE_EXTERN = NO;
				GCC_WARN_64_TO_32_BIT_CONVERSION = YES;
				GCC_WARN_ABOUT_RETURN_TYPE = YES_ERROR;
				GCC_WARN_UNDECLARED_SELECTOR = YES;
				GCC_WARN_UNINITIALIZED_AUTOS = YES_AGGRESSIVE;
				GCC_WARN_UNUSED_FUNCTION = YES;
				GCC_WARN_UNUSED_VARIABLE = YES;
				IPHONEOS_DEPLOYMENT_TARGET = 7.1;
				ONLY_ACTIVE_ARCH = YES;
				OTHER_LDFLAGS = "-ObjC";
				SDKROOT = iphoneos;
			};
			name = Debug;
		};
		6AE7267419B6981B001BFF52 /* Release */ = {
			isa = XCBuildConfiguration;
			buildSettings = {
				ALWAYS_SEARCH_USER_PATHS = NO;
				CLANG_CXX_LANGUAGE_STANDARD = "gnu++0x";
				CLANG_CXX_LIBRARY = "libc++";
				CLANG_ENABLE_MODULES = YES;
				CLANG_ENABLE_OBJC_ARC = YES;
				CLANG_WARN_BOOL_CONVERSION = YES;
				CLANG_WARN_CONSTANT_CONVERSION = YES;
				CLANG_WARN_DIRECT_OBJC_ISA_USAGE = YES_ERROR;
				CLANG_WARN_EMPTY_BODY = YES;
				CLANG_WARN_ENUM_CONVERSION = YES;
				CLANG_WARN_INT_CONVERSION = YES;
				CLANG_WARN_OBJC_ROOT_CLASS = YES_ERROR;
				CLANG_WARN__DUPLICATE_METHOD_MATCH = YES;
				"CODE_SIGN_IDENTITY[sdk=iphoneos*]" = "iPhone Developer";
				COPY_PHASE_STRIP = YES;
				ENABLE_NS_ASSERTIONS = NO;
				GCC_C_LANGUAGE_STANDARD = gnu99;
				GCC_WARN_64_TO_32_BIT_CONVERSION = YES;
				GCC_WARN_ABOUT_RETURN_TYPE = YES_ERROR;
				GCC_WARN_UNDECLARED_SELECTOR = YES;
				GCC_WARN_UNINITIALIZED_AUTOS = YES_AGGRESSIVE;
				GCC_WARN_UNUSED_FUNCTION = YES;
				GCC_WARN_UNUSED_VARIABLE = YES;
				IPHONEOS_DEPLOYMENT_TARGET = 7.1;
				OTHER_LDFLAGS = "-ObjC";
				SDKROOT = iphoneos;
				VALIDATE_PRODUCT = YES;
			};
			name = Release;
		};
		6AE7267619B6981B001BFF52 /* Debug */ = {
			isa = XCBuildConfiguration;
			buildSettings = {
				ASSETCATALOG_COMPILER_APPICON_NAME = AppIcon;
				ASSETCATALOG_COMPILER_LAUNCHIMAGE_NAME = LaunchImage;
				FRAMEWORK_SEARCH_PATHS = (
					"$(inherited)",
					"$(PROJECT_DIR)",
				);
				GCC_PRECOMPILE_PREFIX_HEADER = YES;
				GCC_PREFIX_HEADER = "Maps/Maps-Prefix.pch";
				INFOPLIST_FILE = "Maps/Maps-Info.plist";
				PRODUCT_NAME = "$(TARGET_NAME)";
				WRAPPER_EXTENSION = app;
			};
			name = Debug;
		};
		6AE7267719B6981B001BFF52 /* Release */ = {
			isa = XCBuildConfiguration;
			buildSettings = {
				ASSETCATALOG_COMPILER_APPICON_NAME = AppIcon;
				ASSETCATALOG_COMPILER_LAUNCHIMAGE_NAME = LaunchImage;
				FRAMEWORK_SEARCH_PATHS = (
					"$(inherited)",
					"$(PROJECT_DIR)",
				);
				GCC_PRECOMPILE_PREFIX_HEADER = YES;
				GCC_PREFIX_HEADER = "Maps/Maps-Prefix.pch";
				INFOPLIST_FILE = "Maps/Maps-Info.plist";
				PRODUCT_NAME = "$(TARGET_NAME)";
				WRAPPER_EXTENSION = app;
			};
			name = Release;
		};
		6AE7267919B6981B001BFF52 /* Debug */ = {
			isa = XCBuildConfiguration;
			buildSettings = {
				BUNDLE_LOADER = "$(BUILT_PRODUCTS_DIR)/Maps.app/Maps";
				FRAMEWORK_SEARCH_PATHS = (
					"$(SDKROOT)/Developer/Library/Frameworks",
					"$(inherited)",
					"$(DEVELOPER_FRAMEWORKS_DIR)",
				);
				GCC_PRECOMPILE_PREFIX_HEADER = YES;
				GCC_PREFIX_HEADER = "Maps/Maps-Prefix.pch";
				GCC_PREPROCESSOR_DEFINITIONS = (
					"DEBUG=1",
					"$(inherited)",
				);
				INFOPLIST_FILE = "MapsTests/MapsTests-Info.plist";
				PRODUCT_NAME = "$(TARGET_NAME)";
				TEST_HOST = "$(BUNDLE_LOADER)";
				WRAPPER_EXTENSION = xctest;
			};
			name = Debug;
		};
		6AE7267A19B6981B001BFF52 /* Release */ = {
			isa = XCBuildConfiguration;
			buildSettings = {
				BUNDLE_LOADER = "$(BUILT_PRODUCTS_DIR)/Maps.app/Maps";
				FRAMEWORK_SEARCH_PATHS = (
					"$(SDKROOT)/Developer/Library/Frameworks",
					"$(inherited)",
					"$(DEVELOPER_FRAMEWORKS_DIR)",
				);
				GCC_PRECOMPILE_PREFIX_HEADER = YES;
				GCC_PREFIX_HEADER = "Maps/Maps-Prefix.pch";
				INFOPLIST_FILE = "MapsTests/MapsTests-Info.plist";
				PRODUCT_NAME = "$(TARGET_NAME)";
				TEST_HOST = "$(BUNDLE_LOADER)";
				WRAPPER_EXTENSION = xctest;
			};
			name = Release;
		};
/* End XCBuildConfiguration section */

/* Begin XCConfigurationList section */
		6AE7263E19B6981A001BFF52 /* Build configuration list for PBXProject "Maps" */ = {
			isa = XCConfigurationList;
			buildConfigurations = (
				6AE7267319B6981B001BFF52 /* Debug */,
				6AE7267419B6981B001BFF52 /* Release */,
			);
			defaultConfigurationIsVisible = 0;
			defaultConfigurationName = Release;
		};
		6AE7267519B6981B001BFF52 /* Build configuration list for PBXNativeTarget "Maps" */ = {
			isa = XCConfigurationList;
			buildConfigurations = (
				6AE7267619B6981B001BFF52 /* Debug */,
				6AE7267719B6981B001BFF52 /* Release */,
			);
			defaultConfigurationIsVisible = 0;
			defaultConfigurationName = Release;
		};
		6AE7267819B6981B001BFF52 /* Build configuration list for PBXNativeTarget "MapsTests" */ = {
			isa = XCConfigurationList;
			buildConfigurations = (
				6AE7267919B6981B001BFF52 /* Debug */,
				6AE7267A19B6981B001BFF52 /* Release */,
			);
			defaultConfigurationIsVisible = 0;
			defaultConfigurationName = Release;
		};
/* End XCConfigurationList section */
	};
	rootObject = 6AE7263B19B6981A001BFF52 /* Project object */;
}
